
Microsoft Visual Studio Solution File, Format Version 12.00
# Visual Studio Version 16
VisualStudioVersion = 16.0.31624.102
MinimumVisualStudioVersion = 10.0.40219.1
Project("{FAE04EC0-301F-11D3-BF4B-00C04F79EFBC}") = "programs-If,For,While,DoWhile", "programs-If,For,While,DoWhile.csproj", "{BE7C666A-6067-4D4F-97D9-764442E0152D}"
EndProject
Global
	GlobalSection(SolutionConfigurationPlatforms) = preSolution
		Debug|Any CPU = Debug|Any CPU
		Release|Any CPU = Release|Any CPU
	EndGlobalSection
	GlobalSection(ProjectConfigurationPlatforms) = postSolution
		{BE7C666A-6067-4D4F-97D9-764442E0152D}.Debug|Any CPU.ActiveCfg = Debug|Any CPU
		{BE7C666A-6067-4D4F-97D9-764442E0152D}.Debug|Any CPU.Build.0 = Debug|Any CPU
		{BE7C666A-6067-4D4F-97D9-764442E0152D}.Release|Any CPU.ActiveCfg = Release|Any CPU
		{BE7C666A-6067-4D4F-97D9-764442E0152D}.Release|Any CPU.Build.0 = Release|Any CPU
	EndGlobalSection
	GlobalSection(SolutionProperties) = preSolution
		HideSolutionNode = FALSE
	EndGlobalSection
	GlobalSection(ExtensibilityGlobals) = postSolution
		SolutionGuid = {0836A13D-01FE-49FF-A1A7-7FCBA8F202DC}
	EndGlobalSection
EndGlobal
